{
  "version": 4,
  "terraform_version": "1.6.3",
  "serial": 1,
  "lineage": "f691fb08-0670-bf2d-4da9-1c424765a24f",
  "outputs": {},
  "resources": [
    {
      "mode": "managed",
      "type": "google_container_cluster",
      "name": "primary",
      "provider": "provider[\"registry.terraform.io/hashicorp/google\"]",
      "instances": [
        {
          "schema_version": 2,
          "attributes": {
            "addons_config": [
              {
                "cloudrun_config": [],
                "config_connector_config": [],
                "dns_cache_config": [],
                "gce_persistent_disk_csi_driver_config": [
                  {
                    "enabled": true
                  }
                ],
                "gcp_filestore_csi_driver_config": [],
                "gcs_fuse_csi_driver_config": [],
                "gke_backup_agent_config": [],
                "horizontal_pod_autoscaling": [],
                "http_load_balancing": [],
                "network_policy_config": [
                  {
                    "disabled": true
                  }
                ]
              }
            ],
            "allow_net_admin": null,
            "authenticator_groups_config": [],
            "binary_authorization": [
              {
                "enabled": false,
                "evaluation_mode": ""
              }
            ],
            "cluster_autoscaling": [
              {
                "auto_provisioning_defaults": [],
                "enabled": false,
                "resource_limits": []
              }
            ],
            "cluster_ipv4_cidr": "10.84.0.0/14",
            "confidential_nodes": [],
            "cost_management_config": [],
            "database_encryption": [
              {
                "key_name": "",
                "state": "DECRYPTED"
              }
            ],
            "datapath_provider": "",
            "default_max_pods_per_node": 110,
            "default_snat_status": [
              {
                "disabled": false
              }
            ],
            "deletion_protection": true,
            "description": "",
            "dns_config": [],
            "enable_autopilot": false,
            "enable_intranode_visibility": false,
            "enable_k8s_beta_apis": [],
            "enable_kubernetes_alpha": false,
            "enable_l4_ilb_subsetting": false,
            "enable_legacy_abac": false,
            "enable_shielded_nodes": true,
            "enable_tpu": false,
            "endpoint": "34.72.108.119",
            "gateway_api_config": [],
            "id": "projects/k8s-tutorials-miano/locations/us-central1-a/clusters/mianok8s-cluster",
            "identity_service_config": [],
            "initial_node_count": 3,
            "ip_allocation_policy": [
              {
                "additional_pod_ranges_config": [],
                "cluster_ipv4_cidr_block": "10.84.0.0/14",
                "cluster_secondary_range_name": "gke-mianok8s-cluster-pods-9f9a6b19",
                "pod_cidr_overprovision_config": [
                  {
                    "disabled": false
                  }
                ],
                "services_ipv4_cidr_block": "10.88.0.0/20",
                "services_secondary_range_name": "gke-mianok8s-cluster-services-9f9a6b19",
                "stack_type": "IPV4"
              }
            ],
            "label_fingerprint": "a9dc16a7",
            "location": "us-central1-a",
            "logging_config": [
              {
                "enable_components": [
                  "SYSTEM_COMPONENTS",
                  "WORKLOADS"
                ]
              }
            ],
            "logging_service": "logging.googleapis.com/kubernetes",
            "maintenance_policy": [],
            "master_auth": [
              {
                "client_certificate": "",
                "client_certificate_config": [
                  {
                    "issue_client_certificate": false
                  }
                ],
                "client_key": "",
                "cluster_ca_certificate": "LS0tLS1CRUdJTiBDRVJUSUZJQ0FURS0tLS0tCk1JSUVMVENDQXBXZ0F3SUJBZ0lSQUlIOHd0SU5PNUYzR0FsTEhMVzQ3TTh3RFFZSktvWklodmNOQVFFTEJRQXcKTHpFdE1Dc0dBMVVFQXhNa01qTTBZbU0zTW1RdE1tUXpPUzAwWTJFNUxXRXhZV1F0Wm1ZMllXVTJZVEJpT1RReQpNQ0FYRFRJek1URXdOakUzTlRnek1Gb1lEekl3TlRNeE1ESTVNVGcxT0RNd1dqQXZNUzB3S3dZRFZRUURFeVF5Ck16UmlZemN5WkMweVpETTVMVFJqWVRrdFlURmhaQzFtWmpaaFpUWmhNR0k1TkRJd2dnR2lNQTBHQ1NxR1NJYjMKRFFFQkFRVUFBNElCandBd2dnR0tBb0lCZ1FDMVhwZ0EwN2kvajY3TVcvZDU1TDQyU3dWeW0wYWd0bUk2OGZQQwpOZVd0dFg3UDBYRXpCZUlBc054bFNIcXdXRk4xVStVZmFqRjNDLzYzQm1oTUdHQUk4WTE4V2w4cU9TcGtwbmthCjZGNkhuZnRya3BZSVNhYS9KdVdINDgvU242Yis4VXdLMDZENnlyQzJMOWE1UUh6cnA0ZGRPNTcyMFB5VW12aEMKL0V2NzFHL3JZRStLRkg1YjJzcDJPSUpJVnVoc2JRbFJYb2Q3UjBuSjlCMUpKdHVLN2tob3RtM2QvRU1RNDNSOAo5K2xOY085ODU2ZXc3UDZ3bjRyeUU1RWpaSkR0WWZmbVNIWGd5T3hVTFZ6V1BtM3VMZG01T0hWWkVFQmwyUDVSCkhrODlJUmxKNlB1STZBRDlwQ09yNzJOeGNldUFSZGV0YTBGTUpYOXFrMjRZeG1RU0lFMDhjZE55VnluYXRpbkgKTHFMVUZ5c3Y2QVBwNXZUenBGRXAwdHV6RHI1d1ROWWZwT2o2QThENjlTU084RGoyZitVRDlpenFxcHZNUjVUdApHSWFMMGNqWTRWci9sVDVlVWxISEJkMThXVnhuOTk1bEV6UEFja0dJdWcvdWxCNUhYS1U4SWI2KzhHSnBJNFpoClVUc2h2Z0FSK1VTclpTalRqK2dyMkQ0OVlNY0NBd0VBQWFOQ01FQXdEZ1lEVlIwUEFRSC9CQVFEQWdJRU1BOEcKQTFVZEV3RUIvd1FGTUFNQkFmOHdIUVlEVlIwT0JCWUVGRUJnNVZMK0FpcjNDb2pibDI2Z0s3ajYyREtlTUEwRwpDU3FHU0liM0RRRUJDd1VBQTRJQmdRQ043RUUvemVockY3bDFGMnhiL1RnaWVobGFRNDAzQ2E1enVndWYyNG1YCkFaMWszNjQrMXNNcFFLWlVWK09SYVRKaHFLNGxOVVorVlBjT0plNXRvd1hDaEFuaTFJUEdVN3RlRWl3RkVhVWQKV0RJcUZKSXl1dHJidFkrQk5OTEVKMDVoT25Nc20rZ2lNK2h4T1RnS1E2LzNKUEZxR05pZjFsVHNpNnJhenB4egowZ0VJY21wd1Y2TFZQN3MwakRDdGpyd2lMUytzMTNDWFpjejZpNkhWYm93ZU1FbXhvdkhpaERvT0xuclRTT2hQCitzdnRBK2djTDVCdE8xUUY1bC9VbzdtNUxrRGxHNUczYjF3L204NVBXK1NDd1dNVUVXdnVFeXVCNU1kSFlteTkKM0RidWNrQnYzQU9QM0gzbjdQMElMNG5VanplRDY1cUh4TDA3eko5bVF0TWUyQjVXKzlQUFo0a0JmZDh5Rmt4cwpZR1EvNDE1RGQ5UnVGUnBzNHpRdWU1OGF2TWlpbXBTYnU5cW5haEhqMXhTZVExWU5zZVFXOGhtb05HTzNyQkMzCmpPbmVCN0NXNFgvd3p3ak5rZHBLWjJXWFpvcmJJaXJDdDI3TnNiZmY0Nm5kT3hHV2g0YldnSmFBczY1NTFxTzYKVXBTRUpWMVE1TTF0cGtsM3JERmdtalU9Ci0tLS0tRU5EIENFUlRJRklDQVRFLS0tLS0K"
              }
            ],
            "master_authorized_networks_config": [],
            "master_version": "1.27.3-gke.100",
            "mesh_certificates": [],
            "min_master_version": null,
            "monitoring_config": [
              {
                "advanced_datapath_observability_config": [
                  {
                    "enable_metrics": false,
                    "relay_mode": "DISABLED"
                  }
                ],
                "enable_components": [
                  "SYSTEM_COMPONENTS"
                ],
                "managed_prometheus": [
                  {
                    "enabled": true
                  }
                ]
              }
            ],
            "monitoring_service": "monitoring.googleapis.com/kubernetes",
            "name": "mianok8s-cluster",
            "network": "projects/k8s-tutorials-miano/global/networks/default",
            "network_policy": [
              {
                "enabled": false,
                "provider": "PROVIDER_UNSPECIFIED"
              }
            ],
            "networking_mode": "VPC_NATIVE",
            "node_config": [
              {
                "advanced_machine_features": [],
                "boot_disk_kms_key": "",
                "confidential_nodes": [],
                "disk_size_gb": 50,
                "disk_type": "pd-balanced",
                "effective_taints": [],
                "ephemeral_storage_local_ssd_config": [],
                "fast_socket": [],
                "gcfs_config": [],
                "guest_accelerator": [],
                "gvnic": [],
                "host_maintenance_policy": [],
                "image_type": "COS_CONTAINERD",
                "kubelet_config": [],
                "labels": {},
                "linux_node_config": [],
                "local_nvme_ssd_block_config": [],
                "local_ssd_count": 0,
                "logging_variant": "DEFAULT",
                "machine_type": "e2-medium",
                "metadata": {
                  "disable-legacy-endpoints": "true"
                },
                "min_cpu_platform": "",
                "node_group": "",
                "oauth_scopes": [
                  "https://www.googleapis.com/auth/devstorage.read_only",
                  "https://www.googleapis.com/auth/logging.write",
                  "https://www.googleapis.com/auth/monitoring",
                  "https://www.googleapis.com/auth/service.management.readonly",
                  "https://www.googleapis.com/auth/servicecontrol",
                  "https://www.googleapis.com/auth/trace.append"
                ],
                "preemptible": false,
                "reservation_affinity": [],
                "resource_labels": null,
                "service_account": "default",
                "shielded_instance_config": [
                  {
                    "enable_integrity_monitoring": true,
                    "enable_secure_boot": false
                  }
                ],
                "sole_tenant_config": [],
                "spot": false,
                "tags": null,
                "taint": [],
                "workload_metadata_config": []
              }
            ],
            "node_locations": [],
            "node_pool": [
              {
                "autoscaling": [],
                "initial_node_count": 3,
                "instance_group_urls": [
                  "https://www.googleapis.com/compute/v1/projects/k8s-tutorials-miano/zones/us-central1-a/instanceGroupManagers/gke-mianok8s-cluster-default-pool-50530c9b-grp"
                ],
                "managed_instance_group_urls": [
                  "https://www.googleapis.com/compute/v1/projects/k8s-tutorials-miano/zones/us-central1-a/instanceGroups/gke-mianok8s-cluster-default-pool-50530c9b-grp"
                ],
                "management": [
                  {
                    "auto_repair": true,
                    "auto_upgrade": true
                  }
                ],
                "max_pods_per_node": 110,
                "name": "default-pool",
                "name_prefix": "",
                "network_config": [
                  {
                    "create_pod_range": false,
                    "enable_private_nodes": false,
                    "pod_cidr_overprovision_config": [],
                    "pod_ipv4_cidr_block": "10.84.0.0/14",
                    "pod_range": "gke-mianok8s-cluster-pods-9f9a6b19"
                  }
                ],
                "node_config": [
                  {
                    "advanced_machine_features": [],
                    "boot_disk_kms_key": "",
                    "confidential_nodes": [],
                    "disk_size_gb": 50,
                    "disk_type": "pd-balanced",
                    "effective_taints": [],
                    "ephemeral_storage_local_ssd_config": [],
                    "fast_socket": [],
                    "gcfs_config": [],
                    "guest_accelerator": [],
                    "gvnic": [],
                    "host_maintenance_policy": [],
                    "image_type": "COS_CONTAINERD",
                    "kubelet_config": [],
                    "labels": {},
                    "linux_node_config": [],
                    "local_nvme_ssd_block_config": [],
                    "local_ssd_count": 0,
                    "logging_variant": "DEFAULT",
                    "machine_type": "e2-medium",
                    "metadata": {
                      "disable-legacy-endpoints": "true"
                    },
                    "min_cpu_platform": "",
                    "node_group": "",
                    "oauth_scopes": [
                      "https://www.googleapis.com/auth/devstorage.read_only",
                      "https://www.googleapis.com/auth/logging.write",
                      "https://www.googleapis.com/auth/monitoring",
                      "https://www.googleapis.com/auth/service.management.readonly",
                      "https://www.googleapis.com/auth/servicecontrol",
                      "https://www.googleapis.com/auth/trace.append"
                    ],
                    "preemptible": false,
                    "reservation_affinity": [],
                    "resource_labels": {},
                    "service_account": "default",
                    "shielded_instance_config": [
                      {
                        "enable_integrity_monitoring": true,
                        "enable_secure_boot": false
                      }
                    ],
                    "sole_tenant_config": [],
                    "spot": false,
                    "tags": [],
                    "taint": [],
                    "workload_metadata_config": []
                  }
                ],
                "node_count": 3,
                "node_locations": [
                  "us-central1-a"
                ],
                "placement_policy": [],
                "upgrade_settings": [
                  {
                    "blue_green_settings": [],
                    "max_surge": 1,
                    "max_unavailable": 0,
                    "strategy": "SURGE"
                  }
                ],
                "version": "1.27.3-gke.100"
              }
            ],
            "node_pool_auto_config": [],
            "node_pool_defaults": [
              {
                "node_config_defaults": [
                  {
                    "logging_variant": "DEFAULT"
                  }
                ]
              }
            ],
            "node_version": "1.27.3-gke.100",
            "notification_config": [
              {
                "pubsub": [
                  {
                    "enabled": false,
                    "filter": [],
                    "topic": ""
                  }
                ]
              }
            ],
            "operation": null,
            "private_cluster_config": [
              {
                "enable_private_endpoint": false,
                "enable_private_nodes": false,
                "master_global_access_config": [
                  {
                    "enabled": false
                  }
                ],
                "master_ipv4_cidr_block": "",
                "peering_name": "",
                "private_endpoint": "10.128.0.2",
                "private_endpoint_subnetwork": "",
                "public_endpoint": "34.72.108.119"
              }
            ],
            "private_ipv6_google_access": "",
            "project": "k8s-tutorials-miano",
            "release_channel": [
              {
                "channel": "REGULAR"
              }
            ],
            "remove_default_node_pool": null,
            "resource_labels": null,
            "resource_usage_export_config": [],
            "security_posture_config": [
              {
                "mode": "BASIC",
                "vulnerability_mode": "VULNERABILITY_MODE_UNSPECIFIED"
              }
            ],
            "self_link": "https://container.googleapis.com/v1/projects/k8s-tutorials-miano/zones/us-central1-a/clusters/mianok8s-cluster",
            "service_external_ips_config": [
              {
                "enabled": false
              }
            ],
            "services_ipv4_cidr": "10.88.0.0/20",
            "subnetwork": "projects/k8s-tutorials-miano/regions/us-central1/subnetworks/default",
            "timeouts": null,
            "tpu_ipv4_cidr_block": "",
            "vertical_pod_autoscaling": [],
            "workload_identity_config": []
          },
          "sensitive_attributes": [],
          "private": "eyJlMmJmYjczMC1lY2FhLTExZTYtOGY4OC0zNDM2M2JjN2M0YzAiOnsiY3JlYXRlIjoyNDAwMDAwMDAwMDAwLCJkZWxldGUiOjI0MDAwMDAwMDAwMDAsInJlYWQiOjI0MDAwMDAwMDAwMDAsInVwZGF0ZSI6MzYwMDAwMDAwMDAwMH0sInNjaGVtYV92ZXJzaW9uIjoiMiJ9"
        }
      ]
    }
  ],
  "check_results": null
}
